
Microsoft Visual Studio Solution File, Format Version 12.00
# Visual Studio Version 16
VisualStudioVersion = 16.0.30804.86
MinimumVisualStudioVersion = 10.0.40219.1
Project("{2150E333-8FDC-42A3-9474-1A3956D46DE8}") = "Core", "Core", "{846E75DD-C487-4968-BF09-FAA18CB4E9E0}"
EndProject
Project("{2150E333-8FDC-42A3-9474-1A3956D46DE8}") = "EndPoints", "EndPoints", "{6B90F792-D5BB-4CB6-8130-A48B5186F74B}"
EndProject
Project("{2150E333-8FDC-42A3-9474-1A3956D46DE8}") = "Infra", "Infra", "{36E29E3A-47E6-44E5-B223-A5A6C91C8561}"
EndProject
Project("{FAE04EC0-301F-11D3-BF4B-00C04F79EFBC}") = "UrlShortner.Endpoints.Api", "Endpoints\UrlShortner.Endpoints.Api\UrlShortner.Endpoints.Api.csproj", "{B96CCB4A-EC48-4CFC-B722-285041A44860}"
EndProject
Project("{2150E333-8FDC-42A3-9474-1A3956D46DE8}") = "Data", "Data", "{1271F5C5-03C0-481D-BA20-50FDE87C0F62}"
EndProject
Project("{FAE04EC0-301F-11D3-BF4B-00C04F79EFBC}") = "Infra.Data.Sql", "Infra\Data\Infra.Data.Sql\Infra.Data.Sql.csproj", "{6B2BEC1C-5E13-478F-8F55-698535DD2753}"
EndProject
Project("{FAE04EC0-301F-11D3-BF4B-00C04F79EFBC}") = "UrlShortner.Core.Domain", "Core\Domain\UrlShortner.Core.Domain\UrlShortner.Core.Domain.csproj", "{C687D2D4-FFDD-445D-9955-73C366CB673F}"
EndProject
Global
	GlobalSection(SolutionConfigurationPlatforms) = preSolution
		Debug|Any CPU = Debug|Any CPU
		Release|Any CPU = Release|Any CPU
	EndGlobalSection
	GlobalSection(ProjectConfigurationPlatforms) = postSolution
		{B96CCB4A-EC48-4CFC-B722-285041A44860}.Debug|Any CPU.ActiveCfg = Debug|Any CPU
		{B96CCB4A-EC48-4CFC-B722-285041A44860}.Debug|Any CPU.Build.0 = Debug|Any CPU
		{B96CCB4A-EC48-4CFC-B722-285041A44860}.Release|Any CPU.ActiveCfg = Release|Any CPU
		{B96CCB4A-EC48-4CFC-B722-285041A44860}.Release|Any CPU.Build.0 = Release|Any CPU
		{6B2BEC1C-5E13-478F-8F55-698535DD2753}.Debug|Any CPU.ActiveCfg = Debug|Any CPU
		{6B2BEC1C-5E13-478F-8F55-698535DD2753}.Debug|Any CPU.Build.0 = Debug|Any CPU
		{6B2BEC1C-5E13-478F-8F55-698535DD2753}.Release|Any CPU.ActiveCfg = Release|Any CPU
		{6B2BEC1C-5E13-478F-8F55-698535DD2753}.Release|Any CPU.Build.0 = Release|Any CPU
		{C687D2D4-FFDD-445D-9955-73C366CB673F}.Debug|Any CPU.ActiveCfg = Debug|Any CPU
		{C687D2D4-FFDD-445D-9955-73C366CB673F}.Debug|Any CPU.Build.0 = Debug|Any CPU
		{C687D2D4-FFDD-445D-9955-73C366CB673F}.Release|Any CPU.ActiveCfg = Release|Any CPU
		{C687D2D4-FFDD-445D-9955-73C366CB673F}.Release|Any CPU.Build.0 = Release|Any CPU
	EndGlobalSection
	GlobalSection(SolutionProperties) = preSolution
		HideSolutionNode = FALSE
	EndGlobalSection
	GlobalSection(NestedProjects) = preSolution
		{B96CCB4A-EC48-4CFC-B722-285041A44860} = {6B90F792-D5BB-4CB6-8130-A48B5186F74B}
		{1271F5C5-03C0-481D-BA20-50FDE87C0F62} = {36E29E3A-47E6-44E5-B223-A5A6C91C8561}
		{6B2BEC1C-5E13-478F-8F55-698535DD2753} = {1271F5C5-03C0-481D-BA20-50FDE87C0F62}
		{C687D2D4-FFDD-445D-9955-73C366CB673F} = {846E75DD-C487-4968-BF09-FAA18CB4E9E0}
	EndGlobalSection
	GlobalSection(ExtensibilityGlobals) = postSolution
		SolutionGuid = {83657E1B-3271-4269-A155-8417DC742F9D}
	EndGlobalSection
EndGlobal
